
Microsoft Visual Studio Solution File, Format Version 12.00
# Visual Studio 14
VisualStudioVersion = 14.0.24720.0
MinimumVisualStudioVersion = 10.0.40219.1
Project("{FAE04EC0-301F-11D3-BF4B-00C04F79EFBC}") = "Instrumenty", "Instrumenty\Instrumenty.csproj", "{31B36AB3-383F-425C-8A6C-70788C482BF4}"
EndProject
Project("{FAE04EC0-301F-11D3-BF4B-00C04F79EFBC}") = "Zadanie1", "Zadanie1\Zadanie1.csproj", "{BFD21515-57EB-47B8-B430-0E57F7FD0995}"
EndProject
Project("{FAE04EC0-301F-11D3-BF4B-00C04F79EFBC}") = "Samochody", "Samochody\Samochody.csproj", "{AAB39576-901F-47D2-A454-A90F8776BBF3}"
EndProject
Global
	GlobalSection(SolutionConfigurationPlatforms) = preSolution
		Debug|Any CPU = Debug|Any CPU
		Release|Any CPU = Release|Any CPU
	EndGlobalSection
	GlobalSection(ProjectConfigurationPlatforms) = postSolution
		{31B36AB3-383F-425C-8A6C-70788C482BF4}.Debug|Any CPU.ActiveCfg = Debug|Any CPU
		{31B36AB3-383F-425C-8A6C-70788C482BF4}.Debug|Any CPU.Build.0 = Debug|Any CPU
		{31B36AB3-383F-425C-8A6C-70788C482BF4}.Release|Any CPU.ActiveCfg = Release|Any CPU
		{31B36AB3-383F-425C-8A6C-70788C482BF4}.Release|Any CPU.Build.0 = Release|Any CPU
		{BFD21515-57EB-47B8-B430-0E57F7FD0995}.Debug|Any CPU.ActiveCfg = Debug|Any CPU
		{BFD21515-57EB-47B8-B430-0E57F7FD0995}.Debug|Any CPU.Build.0 = Debug|Any CPU
		{BFD21515-57EB-47B8-B430-0E57F7FD0995}.Release|Any CPU.ActiveCfg = Release|Any CPU
		{BFD21515-57EB-47B8-B430-0E57F7FD0995}.Release|Any CPU.Build.0 = Release|Any CPU
		{AAB39576-901F-47D2-A454-A90F8776BBF3}.Debug|Any CPU.ActiveCfg = Debug|Any CPU
		{AAB39576-901F-47D2-A454-A90F8776BBF3}.Debug|Any CPU.Build.0 = Debug|Any CPU
		{AAB39576-901F-47D2-A454-A90F8776BBF3}.Release|Any CPU.ActiveCfg = Release|Any CPU
		{AAB39576-901F-47D2-A454-A90F8776BBF3}.Release|Any CPU.Build.0 = Release|Any CPU
	EndGlobalSection
	GlobalSection(SolutionProperties) = preSolution
		HideSolutionNode = FALSE
	EndGlobalSection
EndGlobal
