
Microsoft Visual Studio Solution File, Format Version 12.00
# Visual Studio 14
VisualStudioVersion = 14.0.24720.0
MinimumVisualStudioVersion = 10.0.40219.1
Project("{FAE04EC0-301F-11D3-BF4B-00C04F79EFBC}") = "Figury", "Figury\Figury.csproj", "{9AA3F53F-422A-47DF-A084-EF03470EEE2E}"
EndProject
Project("{FAE04EC0-301F-11D3-BF4B-00C04F79EFBC}") = "TestFigur", "TestFigur\TestFigur.csproj", "{30557062-DA9D-4AD9-8832-B5C0A3B2B57A}"
EndProject
Global
	GlobalSection(SolutionConfigurationPlatforms) = preSolution
		Debug|Any CPU = Debug|Any CPU
		Release|Any CPU = Release|Any CPU
	EndGlobalSection
	GlobalSection(ProjectConfigurationPlatforms) = postSolution
		{9AA3F53F-422A-47DF-A084-EF03470EEE2E}.Debug|Any CPU.ActiveCfg = Debug|Any CPU
		{9AA3F53F-422A-47DF-A084-EF03470EEE2E}.Debug|Any CPU.Build.0 = Debug|Any CPU
		{9AA3F53F-422A-47DF-A084-EF03470EEE2E}.Release|Any CPU.ActiveCfg = Release|Any CPU
		{9AA3F53F-422A-47DF-A084-EF03470EEE2E}.Release|Any CPU.Build.0 = Release|Any CPU
		{30557062-DA9D-4AD9-8832-B5C0A3B2B57A}.Debug|Any CPU.ActiveCfg = Debug|Any CPU
		{30557062-DA9D-4AD9-8832-B5C0A3B2B57A}.Debug|Any CPU.Build.0 = Debug|Any CPU
		{30557062-DA9D-4AD9-8832-B5C0A3B2B57A}.Release|Any CPU.ActiveCfg = Release|Any CPU
		{30557062-DA9D-4AD9-8832-B5C0A3B2B57A}.Release|Any CPU.Build.0 = Release|Any CPU
	EndGlobalSection
	GlobalSection(SolutionProperties) = preSolution
		HideSolutionNode = FALSE
	EndGlobalSection
EndGlobal
