
Microsoft Visual Studio Solution File, Format Version 12.00
# Visual Studio 14
VisualStudioVersion = 14.0.24720.0
MinimumVisualStudioVersion = 10.0.40219.1
Project("{FAE04EC0-301F-11D3-BF4B-00C04F79EFBC}") = "Osoby", "Osoby\Osoby.csproj", "{2C3ADAB3-1605-4108-8459-CF0197F11C50}"
EndProject
Project("{FAE04EC0-301F-11D3-BF4B-00C04F79EFBC}") = "TestOsob", "TestOsob\TestOsob.csproj", "{4CAB36D3-0961-4F02-9246-A87A942C8D7F}"
EndProject
Project("{FAE04EC0-301F-11D3-BF4B-00C04F79EFBC}") = "Zadanie1", "Zadanie1\Zadanie1.csproj", "{AB720803-0597-43EC-9121-275E3B3F9E01}"
EndProject
Global
	GlobalSection(SolutionConfigurationPlatforms) = preSolution
		Debug|Any CPU = Debug|Any CPU
		Release|Any CPU = Release|Any CPU
	EndGlobalSection
	GlobalSection(ProjectConfigurationPlatforms) = postSolution
		{2C3ADAB3-1605-4108-8459-CF0197F11C50}.Debug|Any CPU.ActiveCfg = Debug|Any CPU
		{2C3ADAB3-1605-4108-8459-CF0197F11C50}.Debug|Any CPU.Build.0 = Debug|Any CPU
		{2C3ADAB3-1605-4108-8459-CF0197F11C50}.Release|Any CPU.ActiveCfg = Release|Any CPU
		{2C3ADAB3-1605-4108-8459-CF0197F11C50}.Release|Any CPU.Build.0 = Release|Any CPU
		{4CAB36D3-0961-4F02-9246-A87A942C8D7F}.Debug|Any CPU.ActiveCfg = Debug|Any CPU
		{4CAB36D3-0961-4F02-9246-A87A942C8D7F}.Debug|Any CPU.Build.0 = Debug|Any CPU
		{4CAB36D3-0961-4F02-9246-A87A942C8D7F}.Release|Any CPU.ActiveCfg = Release|Any CPU
		{4CAB36D3-0961-4F02-9246-A87A942C8D7F}.Release|Any CPU.Build.0 = Release|Any CPU
		{AB720803-0597-43EC-9121-275E3B3F9E01}.Debug|Any CPU.ActiveCfg = Debug|Any CPU
		{AB720803-0597-43EC-9121-275E3B3F9E01}.Debug|Any CPU.Build.0 = Debug|Any CPU
		{AB720803-0597-43EC-9121-275E3B3F9E01}.Release|Any CPU.ActiveCfg = Release|Any CPU
		{AB720803-0597-43EC-9121-275E3B3F9E01}.Release|Any CPU.Build.0 = Release|Any CPU
	EndGlobalSection
	GlobalSection(SolutionProperties) = preSolution
		HideSolutionNode = FALSE
	EndGlobalSection
EndGlobal
